
Microsoft Visual Studio Solution File, Format Version 12.00
# Visual Studio Version 16
VisualStudioVersion = 16.0.31729.503
MinimumVisualStudioVersion = 10.0.40219.1
Project("{FAE04EC0-301F-11D3-BF4B-00C04F79EFBC}") = "final_EXM_Car", "final_EXM_Car\final_EXM_Car.csproj", "{F096B756-C146-4B5C-9154-93ABE51DDD9C}"
EndProject
Global
	GlobalSection(SolutionConfigurationPlatforms) = preSolution
		Debug|Any CPU = Debug|Any CPU
		Release|Any CPU = Release|Any CPU
	EndGlobalSection
	GlobalSection(ProjectConfigurationPlatforms) = postSolution
		{F096B756-C146-4B5C-9154-93ABE51DDD9C}.Debug|Any CPU.ActiveCfg = Debug|Any CPU
		{F096B756-C146-4B5C-9154-93ABE51DDD9C}.Debug|Any CPU.Build.0 = Debug|Any CPU
		{F096B756-C146-4B5C-9154-93ABE51DDD9C}.Release|Any CPU.ActiveCfg = Release|Any CPU
		{F096B756-C146-4B5C-9154-93ABE51DDD9C}.Release|Any CPU.Build.0 = Release|Any CPU
	EndGlobalSection
	GlobalSection(SolutionProperties) = preSolution
		HideSolutionNode = FALSE
	EndGlobalSection
	GlobalSection(ExtensibilityGlobals) = postSolution
		SolutionGuid = {102AF015-5B1E-4BCD-A13D-D204972C7EF9}
	EndGlobalSection
EndGlobal
